// !$*UTF8*$!
{
	archiveVersion = 1;
	classes = {
	};
	objectVersion = 56;
	objects = {

/* Begin PBXBuildFile section */
		951817EB2B60561C0035F0A0 /* EditProfileView.swift in Sources */ = {isa = PBXBuildFile; fileRef = 951817EA2B60561C0035F0A0 /* EditProfileView.swift */; };
		951817EF2B60600B0035F0A0 /* EditProfileViewModel.swift in Sources */ = {isa = PBXBuildFile; fileRef = 951817EE2B60600B0035F0A0 /* EditProfileViewModel.swift */; };
		951817F12B687B7D0035F0A0 /* ImageUploader.swift in Sources */ = {isa = PBXBuildFile; fileRef = 951817F02B687B7D0035F0A0 /* ImageUploader.swift */; };
		951817F42B7445D20035F0A0 /* Kingfisher in Frameworks */ = {isa = PBXBuildFile; productRef = 951817F32B7445D20035F0A0 /* Kingfisher */; };
		951817F62B7448520035F0A0 /* CircularProfileImageView.swift in Sources */ = {isa = PBXBuildFile; fileRef = 951817F52B7448520035F0A0 /* CircularProfileImageView.swift */; };
		951817FC2B7500200035F0A0 /* Feed ViewModel.swift in Sources */ = {isa = PBXBuildFile; fileRef = 951817FB2B7500200035F0A0 /* Feed ViewModel.swift */; };
		951817FE2B755C4D0035F0A0 /* PostService.swift in Sources */ = {isa = PBXBuildFile; fileRef = 951817FD2B755C4D0035F0A0 /* PostService.swift */; };
		951818022B76B8790035F0A0 /* PostGridViewModel.swift in Sources */ = {isa = PBXBuildFile; fileRef = 951818012B76B8790035F0A0 /* PostGridViewModel.swift */; };
		951818042B780B240035F0A0 /* FeedCellViewModel.swift in Sources */ = {isa = PBXBuildFile; fileRef = 951818032B780B240035F0A0 /* FeedCellViewModel.swift */; };
		9518180B2B798CE30035F0A0 /* ComentsView.swift in Sources */ = {isa = PBXBuildFile; fileRef = 9518180A2B798CE30035F0A0 /* ComentsView.swift */; };
		9518180D2B798D080035F0A0 /* ComentsCell.swift in Sources */ = {isa = PBXBuildFile; fileRef = 9518180C2B798D080035F0A0 /* ComentsCell.swift */; };
		9518180F2B7A661A0035F0A0 /* Comment.swift in Sources */ = {isa = PBXBuildFile; fileRef = 9518180E2B7A661A0035F0A0 /* Comment.swift */; };
		951818112B7A68040035F0A0 /* CommentService.swift in Sources */ = {isa = PBXBuildFile; fileRef = 951818102B7A68040035F0A0 /* CommentService.swift */; };
		951818132B7A682A0035F0A0 /* CommentsViewModel.swift in Sources */ = {isa = PBXBuildFile; fileRef = 951818122B7A682A0035F0A0 /* CommentsViewModel.swift */; };
		951818152B7A8C6C0035F0A0 /* DeveloperPreview.swift in Sources */ = {isa = PBXBuildFile; fileRef = 951818142B7A8C6C0035F0A0 /* DeveloperPreview.swift */; };
		951818172B7C0D440035F0A0 /* Timestamp.swift in Sources */ = {isa = PBXBuildFile; fileRef = 951818162B7C0D440035F0A0 /* Timestamp.swift */; };
		9518181A2B7C108D0035F0A0 /* Constants.swift in Sources */ = {isa = PBXBuildFile; fileRef = 951818192B7C108D0035F0A0 /* Constants.swift */; };
		9518181C2B7C17380035F0A0 /* ProfileViewModel.swift in Sources */ = {isa = PBXBuildFile; fileRef = 9518181B2B7C17380035F0A0 /* ProfileViewModel.swift */; };
		9552B7682B519EE500C982A4 /* UploadPostView.swift in Sources */ = {isa = PBXBuildFile; fileRef = 9552B7672B519EE400C982A4 /* UploadPostView.swift */; };
		9552B76A2B51A45A00C982A4 /* UploadPostViewModel.swift in Sources */ = {isa = PBXBuildFile; fileRef = 9552B7692B51A45A00C982A4 /* UploadPostViewModel.swift */; };
		9552B76C2B55946700C982A4 /* GoogleService-Info.plist in Resources */ = {isa = PBXBuildFile; fileRef = 9552B76B2B55946700C982A4 /* GoogleService-Info.plist */; };
		9552B76F2B55951500C982A4 /* FirebaseAnalytics in Frameworks */ = {isa = PBXBuildFile; productRef = 9552B76E2B55951500C982A4 /* FirebaseAnalytics */; };
		9552B7712B55951500C982A4 /* FirebaseAnalyticsOnDeviceConversion in Frameworks */ = {isa = PBXBuildFile; productRef = 9552B7702B55951500C982A4 /* FirebaseAnalyticsOnDeviceConversion */; };
		9552B7732B55951500C982A4 /* FirebaseAnalyticsSwift in Frameworks */ = {isa = PBXBuildFile; productRef = 9552B7722B55951500C982A4 /* FirebaseAnalyticsSwift */; };
		9552B7752B55951500C982A4 /* FirebaseAnalyticsWithoutAdIdSupport in Frameworks */ = {isa = PBXBuildFile; productRef = 9552B7742B55951500C982A4 /* FirebaseAnalyticsWithoutAdIdSupport */; };
		9552B7772B55951500C982A4 /* FirebaseAppCheck in Frameworks */ = {isa = PBXBuildFile; productRef = 9552B7762B55951500C982A4 /* FirebaseAppCheck */; };
		9552B77B2B559D9200C982A4 /* AuthService.swift in Sources */ = {isa = PBXBuildFile; fileRef = 9552B77A2B559D9200C982A4 /* AuthService.swift */; };
		9552B77D2B559F6B00C982A4 /* FirebaseAnalytics in Frameworks */ = {isa = PBXBuildFile; productRef = 9552B77C2B559F6B00C982A4 /* FirebaseAnalytics */; };
		9552B77F2B559F6B00C982A4 /* FirebaseAnalyticsOnDeviceConversion in Frameworks */ = {isa = PBXBuildFile; productRef = 9552B77E2B559F6B00C982A4 /* FirebaseAnalyticsOnDeviceConversion */; };
		9552B7812B559F6B00C982A4 /* FirebaseAnalyticsSwift in Frameworks */ = {isa = PBXBuildFile; productRef = 9552B7802B559F6B00C982A4 /* FirebaseAnalyticsSwift */; };
		9552B7832B559F6B00C982A4 /* FirebaseAnalyticsWithoutAdIdSupport in Frameworks */ = {isa = PBXBuildFile; productRef = 9552B7822B559F6B00C982A4 /* FirebaseAnalyticsWithoutAdIdSupport */; };
		9552B7852B559F6B00C982A4 /* FirebaseAppCheck in Frameworks */ = {isa = PBXBuildFile; productRef = 9552B7842B559F6B00C982A4 /* FirebaseAppCheck */; };
		9552B7872B559F6B00C982A4 /* FirebaseAppDistribution-Beta in Frameworks */ = {isa = PBXBuildFile; productRef = 9552B7862B559F6B00C982A4 /* FirebaseAppDistribution-Beta */; };
		9552B7892B559F6B00C982A4 /* FirebaseAuth in Frameworks */ = {isa = PBXBuildFile; productRef = 9552B7882B559F6B00C982A4 /* FirebaseAuth */; };
		9552B78B2B559F6B00C982A4 /* FirebaseAuthCombine-Community in Frameworks */ = {isa = PBXBuildFile; productRef = 9552B78A2B559F6B00C982A4 /* FirebaseAuthCombine-Community */; };
		9552B78D2B559F6B00C982A4 /* FirebaseCrashlytics in Frameworks */ = {isa = PBXBuildFile; productRef = 9552B78C2B559F6B00C982A4 /* FirebaseCrashlytics */; };
		9552B78F2B559F6B00C982A4 /* FirebaseDatabase in Frameworks */ = {isa = PBXBuildFile; productRef = 9552B78E2B559F6B00C982A4 /* FirebaseDatabase */; };
		9552B7912B559F6B00C982A4 /* FirebaseDatabaseSwift in Frameworks */ = {isa = PBXBuildFile; productRef = 9552B7902B559F6B00C982A4 /* FirebaseDatabaseSwift */; };
		9552B7932B559F6B00C982A4 /* FirebaseDynamicLinks in Frameworks */ = {isa = PBXBuildFile; productRef = 9552B7922B559F6B00C982A4 /* FirebaseDynamicLinks */; };
		9552B7952B559F6B00C982A4 /* FirebaseFirestore in Frameworks */ = {isa = PBXBuildFile; productRef = 9552B7942B559F6B00C982A4 /* FirebaseFirestore */; };
		9552B7972B559F6B00C982A4 /* FirebaseFirestoreCombine-Community in Frameworks */ = {isa = PBXBuildFile; productRef = 9552B7962B559F6B00C982A4 /* FirebaseFirestoreCombine-Community */; };
		9552B7992B559F6B00C982A4 /* FirebaseFirestoreSwift in Frameworks */ = {isa = PBXBuildFile; productRef = 9552B7982B559F6B00C982A4 /* FirebaseFirestoreSwift */; };
		9552B79B2B559F6B00C982A4 /* FirebaseFunctions in Frameworks */ = {isa = PBXBuildFile; productRef = 9552B79A2B559F6B00C982A4 /* FirebaseFunctions */; };
		9552B79D2B559F6B00C982A4 /* FirebaseFunctionsCombine-Community in Frameworks */ = {isa = PBXBuildFile; productRef = 9552B79C2B559F6B00C982A4 /* FirebaseFunctionsCombine-Community */; };
		9552B79F2B559F6B00C982A4 /* FirebaseInAppMessaging-Beta in Frameworks */ = {isa = PBXBuildFile; productRef = 9552B79E2B559F6B00C982A4 /* FirebaseInAppMessaging-Beta */; };
		9552B7A12B559F6B00C982A4 /* FirebaseInAppMessagingSwift-Beta in Frameworks */ = {isa = PBXBuildFile; productRef = 9552B7A02B559F6B00C982A4 /* FirebaseInAppMessagingSwift-Beta */; };
		9552B7A32B559F6B00C982A4 /* FirebaseInstallations in Frameworks */ = {isa = PBXBuildFile; productRef = 9552B7A22B559F6B00C982A4 /* FirebaseInstallations */; };
		9552B7A52B559F6B00C982A4 /* FirebaseMLModelDownloader in Frameworks */ = {isa = PBXBuildFile; productRef = 9552B7A42B559F6B00C982A4 /* FirebaseMLModelDownloader */; };
		9552B7A72B559F6B00C982A4 /* FirebaseMessaging in Frameworks */ = {isa = PBXBuildFile; productRef = 9552B7A62B559F6B00C982A4 /* FirebaseMessaging */; };
		9552B7A92B559F6B00C982A4 /* FirebasePerformance in Frameworks */ = {isa = PBXBuildFile; productRef = 9552B7A82B559F6B00C982A4 /* FirebasePerformance */; };
		9552B7AB2B559F6B00C982A4 /* FirebaseRemoteConfig in Frameworks */ = {isa = PBXBuildFile; productRef = 9552B7AA2B559F6B00C982A4 /* FirebaseRemoteConfig */; };
		9552B7AD2B559F6B00C982A4 /* FirebaseRemoteConfigSwift in Frameworks */ = {isa = PBXBuildFile; productRef = 9552B7AC2B559F6B00C982A4 /* FirebaseRemoteConfigSwift */; };
		9552B7AF2B559F6B00C982A4 /* FirebaseStorage in Frameworks */ = {isa = PBXBuildFile; productRef = 9552B7AE2B559F6B00C982A4 /* FirebaseStorage */; };
		9552B7B12B559F6B00C982A4 /* FirebaseStorageCombine-Community in Frameworks */ = {isa = PBXBuildFile; productRef = 9552B7B02B559F6B00C982A4 /* FirebaseStorageCombine-Community */; };
		9552B7B52B55A86800C982A4 /* ContentViewModel.swift in Sources */ = {isa = PBXBuildFile; fileRef = 9552B7B42B55A86800C982A4 /* ContentViewModel.swift */; };
		9552B7B82B56C8A600C982A4 /* RegistrationViewModel.swift in Sources */ = {isa = PBXBuildFile; fileRef = 9552B7B72B56C8A600C982A4 /* RegistrationViewModel.swift */; };
		9552B7BA2B5888FD00C982A4 /* LoginViewModel.swift in Sources */ = {isa = PBXBuildFile; fileRef = 9552B7B92B5888FD00C982A4 /* LoginViewModel.swift */; };
		9552B7BC2B5C2A6D00C982A4 /* UserService.swift in Sources */ = {isa = PBXBuildFile; fileRef = 9552B7BB2B5C2A6D00C982A4 /* UserService.swift */; };
		9552B7C02B5C2C2900C982A4 /* SearchViewModel.swift in Sources */ = {isa = PBXBuildFile; fileRef = 9552B7BF2B5C2C2900C982A4 /* SearchViewModel.swift */; };
		95FCE7102B335B44006CE420 /* Instagram_cloneApp.swift in Sources */ = {isa = PBXBuildFile; fileRef = 95FCE70F2B335B44006CE420 /* Instagram_cloneApp.swift */; };
		95FCE7122B335B44006CE420 /* ContentView.swift in Sources */ = {isa = PBXBuildFile; fileRef = 95FCE7112B335B44006CE420 /* ContentView.swift */; };
		95FCE7142B335B46006CE420 /* Assets.xcassets in Resources */ = {isa = PBXBuildFile; fileRef = 95FCE7132B335B46006CE420 /* Assets.xcassets */; };
		95FCE7172B335B46006CE420 /* Preview Assets.xcassets in Resources */ = {isa = PBXBuildFile; fileRef = 95FCE7162B335B46006CE420 /* Preview Assets.xcassets */; };
		95FCE72A2B34DEE9006CE420 /* MainTabView.swift in Sources */ = {isa = PBXBuildFile; fileRef = 95FCE7292B34DEE9006CE420 /* MainTabView.swift */; };
		95FCE72C2B34E30B006CE420 /* ProfileView.swift in Sources */ = {isa = PBXBuildFile; fileRef = 95FCE72B2B34E30B006CE420 /* ProfileView.swift */; };
		95FCE72F2B49D972006CE420 /* UserStartView.swift in Sources */ = {isa = PBXBuildFile; fileRef = 95FCE72E2B49D972006CE420 /* UserStartView.swift */; };
		95FCE7312B49F8BF006CE420 /* FeedView.swift in Sources */ = {isa = PBXBuildFile; fileRef = 95FCE7302B49F8BF006CE420 /* FeedView.swift */; };
		95FCE7332B49F8D1006CE420 /* FeedCell.swift in Sources */ = {isa = PBXBuildFile; fileRef = 95FCE7322B49F8D1006CE420 /* FeedCell.swift */; };
		95FCE7352B4B7027006CE420 /* SearchView.swift in Sources */ = {isa = PBXBuildFile; fileRef = 95FCE7342B4B7027006CE420 /* SearchView.swift */; };
		95FCE7372B4B9DCD006CE420 /* LoginView.swift in Sources */ = {isa = PBXBuildFile; fileRef = 95FCE7362B4B9DCD006CE420 /* LoginView.swift */; };
		95FCE7392B4DDF4E006CE420 /* AddEmailView.swift in Sources */ = {isa = PBXBuildFile; fileRef = 95FCE7382B4DDF4E006CE420 /* AddEmailView.swift */; };
		95FCE73B2B4DE96C006CE420 /* IGTextFieldModifier.swift in Sources */ = {isa = PBXBuildFile; fileRef = 95FCE73A2B4DE96C006CE420 /* IGTextFieldModifier.swift */; };
		95FCE73D2B4DEB60006CE420 /* CreateUserNameView.swift in Sources */ = {isa = PBXBuildFile; fileRef = 95FCE73C2B4DEB60006CE420 /* CreateUserNameView.swift */; };
		95FCE73F2B4F1D1E006CE420 /* CreatePasswordView.swift in Sources */ = {isa = PBXBuildFile; fileRef = 95FCE73E2B4F1D1E006CE420 /* CreatePasswordView.swift */; };
		95FCE7412B4F1EC3006CE420 /* CompleteSingUpView.swift in Sources */ = {isa = PBXBuildFile; fileRef = 95FCE7402B4F1EC3006CE420 /* CompleteSingUpView.swift */; };
		95FCE7432B4F24BA006CE420 /* User.swift in Sources */ = {isa = PBXBuildFile; fileRef = 95FCE7422B4F24BA006CE420 /* User.swift */; };
		95FCE7452B4F37C3006CE420 /* CurrentUserProfileView.swift in Sources */ = {isa = PBXBuildFile; fileRef = 95FCE7442B4F37C3006CE420 /* CurrentUserProfileView.swift */; };
		95FCE7472B4F3E06006CE420 /* Post.swift in Sources */ = {isa = PBXBuildFile; fileRef = 95FCE7462B4F3E06006CE420 /* Post.swift */; };
		95FCE7492B503566006CE420 /* PostGridView.swift in Sources */ = {isa = PBXBuildFile; fileRef = 95FCE7482B503566006CE420 /* PostGridView.swift */; };
		95FCE74B2B503752006CE420 /* ProfileHeaderView.swift in Sources */ = {isa = PBXBuildFile; fileRef = 95FCE74A2B503752006CE420 /* ProfileHeaderView.swift */; };
/* End PBXBuildFile section */

/* Begin PBXFileReference section */
		951817EA2B60561C0035F0A0 /* EditProfileView.swift */ = {isa = PBXFileReference; lastKnownFileType = sourcecode.swift; path = EditProfileView.swift; sourceTree = "<group>"; };
		951817EE2B60600B0035F0A0 /* EditProfileViewModel.swift */ = {isa = PBXFileReference; lastKnownFileType = sourcecode.swift; path = EditProfileViewModel.swift; sourceTree = "<group>"; };
		951817F02B687B7D0035F0A0 /* ImageUploader.swift */ = {isa = PBXFileReference; lastKnownFileType = sourcecode.swift; path = ImageUploader.swift; sourceTree = "<group>"; };
		951817F52B7448520035F0A0 /* CircularProfileImageView.swift */ = {isa = PBXFileReference; lastKnownFileType = sourcecode.swift; path = CircularProfileImageView.swift; sourceTree = "<group>"; };
		951817FB2B7500200035F0A0 /* Feed ViewModel.swift */ = {isa = PBXFileReference; lastKnownFileType = sourcecode.swift; path = "Feed ViewModel.swift"; sourceTree = "<group>"; };
		951817FD2B755C4D0035F0A0 /* PostService.swift */ = {isa = PBXFileReference; lastKnownFileType = sourcecode.swift; path = PostService.swift; sourceTree = "<group>"; };
		951818012B76B8790035F0A0 /* PostGridViewModel.swift */ = {isa = PBXFileReference; lastKnownFileType = sourcecode.swift; path = PostGridViewModel.swift; sourceTree = "<group>"; };
		951818032B780B240035F0A0 /* FeedCellViewModel.swift */ = {isa = PBXFileReference; lastKnownFileType = sourcecode.swift; path = FeedCellViewModel.swift; sourceTree = "<group>"; };
		9518180A2B798CE30035F0A0 /* ComentsView.swift */ = {isa = PBXFileReference; lastKnownFileType = sourcecode.swift; path = ComentsView.swift; sourceTree = "<group>"; };
		9518180C2B798D080035F0A0 /* ComentsCell.swift */ = {isa = PBXFileReference; lastKnownFileType = sourcecode.swift; path = ComentsCell.swift; sourceTree = "<group>"; };
		9518180E2B7A661A0035F0A0 /* Comment.swift */ = {isa = PBXFileReference; lastKnownFileType = sourcecode.swift; path = Comment.swift; sourceTree = "<group>"; };
		951818102B7A68040035F0A0 /* CommentService.swift */ = {isa = PBXFileReference; lastKnownFileType = sourcecode.swift; path = CommentService.swift; sourceTree = "<group>"; };
		951818122B7A682A0035F0A0 /* CommentsViewModel.swift */ = {isa = PBXFileReference; lastKnownFileType = sourcecode.swift; path = CommentsViewModel.swift; sourceTree = "<group>"; };
		951818142B7A8C6C0035F0A0 /* DeveloperPreview.swift */ = {isa = PBXFileReference; lastKnownFileType = sourcecode.swift; path = DeveloperPreview.swift; sourceTree = "<group>"; };
		951818162B7C0D440035F0A0 /* Timestamp.swift */ = {isa = PBXFileReference; lastKnownFileType = sourcecode.swift; path = Timestamp.swift; sourceTree = "<group>"; };
		951818192B7C108D0035F0A0 /* Constants.swift */ = {isa = PBXFileReference; lastKnownFileType = sourcecode.swift; path = Constants.swift; sourceTree = "<group>"; };
		9518181B2B7C17380035F0A0 /* ProfileViewModel.swift */ = {isa = PBXFileReference; lastKnownFileType = sourcecode.swift; path = ProfileViewModel.swift; sourceTree = "<group>"; };
		9552B7672B519EE400C982A4 /* UploadPostView.swift */ = {isa = PBXFileReference; lastKnownFileType = sourcecode.swift; path = UploadPostView.swift; sourceTree = "<group>"; };
		9552B7692B51A45A00C982A4 /* UploadPostViewModel.swift */ = {isa = PBXFileReference; lastKnownFileType = sourcecode.swift; path = UploadPostViewModel.swift; sourceTree = "<group>"; };
		9552B76B2B55946700C982A4 /* GoogleService-Info.plist */ = {isa = PBXFileReference; fileEncoding = 4; lastKnownFileType = text.plist.xml; path = "GoogleService-Info.plist"; sourceTree = "<group>"; };
		9552B77A2B559D9200C982A4 /* AuthService.swift */ = {isa = PBXFileReference; lastKnownFileType = sourcecode.swift; path = AuthService.swift; sourceTree = "<group>"; };
		9552B7B42B55A86800C982A4 /* ContentViewModel.swift */ = {isa = PBXFileReference; lastKnownFileType = sourcecode.swift; path = ContentViewModel.swift; sourceTree = "<group>"; };
		9552B7B72B56C8A600C982A4 /* RegistrationViewModel.swift */ = {isa = PBXFileReference; lastKnownFileType = sourcecode.swift; path = RegistrationViewModel.swift; sourceTree = "<group>"; };
		9552B7B92B5888FD00C982A4 /* LoginViewModel.swift */ = {isa = PBXFileReference; lastKnownFileType = sourcecode.swift; path = LoginViewModel.swift; sourceTree = "<group>"; };
		9552B7BB2B5C2A6D00C982A4 /* UserService.swift */ = {isa = PBXFileReference; lastKnownFileType = sourcecode.swift; path = UserService.swift; sourceTree = "<group>"; };
		9552B7BF2B5C2C2900C982A4 /* SearchViewModel.swift */ = {isa = PBXFileReference; lastKnownFileType = sourcecode.swift; path = SearchViewModel.swift; sourceTree = "<group>"; };
		95FCE70C2B335B44006CE420 /* Instagram clone.app */ = {isa = PBXFileReference; explicitFileType = wrapper.application; includeInIndex = 0; path = "Instagram clone.app"; sourceTree = BUILT_PRODUCTS_DIR; };
		95FCE70F2B335B44006CE420 /* Instagram_cloneApp.swift */ = {isa = PBXFileReference; lastKnownFileType = sourcecode.swift; path = Instagram_cloneApp.swift; sourceTree = "<group>"; };
		95FCE7112B335B44006CE420 /* ContentView.swift */ = {isa = PBXFileReference; lastKnownFileType = sourcecode.swift; path = ContentView.swift; sourceTree = "<group>"; };
		95FCE7132B335B46006CE420 /* Assets.xcassets */ = {isa = PBXFileReference; lastKnownFileType = folder.assetcatalog; path = Assets.xcassets; sourceTree = "<group>"; };
		95FCE7162B335B46006CE420 /* Preview Assets.xcassets */ = {isa = PBXFileReference; lastKnownFileType = folder.assetcatalog; path = "Preview Assets.xcassets"; sourceTree = "<group>"; };
		95FCE7292B34DEE9006CE420 /* MainTabView.swift */ = {isa = PBXFileReference; lastKnownFileType = sourcecode.swift; path = MainTabView.swift; sourceTree = "<group>"; };
		95FCE72B2B34E30B006CE420 /* ProfileView.swift */ = {isa = PBXFileReference; lastKnownFileType = sourcecode.swift; path = ProfileView.swift; sourceTree = "<group>"; };
		95FCE72E2B49D972006CE420 /* UserStartView.swift */ = {isa = PBXFileReference; lastKnownFileType = sourcecode.swift; path = UserStartView.swift; sourceTree = "<group>"; };
		95FCE7302B49F8BF006CE420 /* FeedView.swift */ = {isa = PBXFileReference; lastKnownFileType = sourcecode.swift; path = FeedView.swift; sourceTree = "<group>"; };
		95FCE7322B49F8D1006CE420 /* FeedCell.swift */ = {isa = PBXFileReference; lastKnownFileType = sourcecode.swift; path = FeedCell.swift; sourceTree = "<group>"; };
		95FCE7342B4B7027006CE420 /* SearchView.swift */ = {isa = PBXFileReference; lastKnownFileType = sourcecode.swift; path = SearchView.swift; sourceTree = "<group>"; };
		95FCE7362B4B9DCD006CE420 /* LoginView.swift */ = {isa = PBXFileReference; lastKnownFileType = sourcecode.swift; path = LoginView.swift; sourceTree = "<group>"; };
		95FCE7382B4DDF4E006CE420 /* AddEmailView.swift */ = {isa = PBXFileReference; lastKnownFileType = sourcecode.swift; path = AddEmailView.swift; sourceTree = "<group>"; };
		95FCE73A2B4DE96C006CE420 /* IGTextFieldModifier.swift */ = {isa = PBXFileReference; lastKnownFileType = sourcecode.swift; path = IGTextFieldModifier.swift; sourceTree = "<group>"; };
		95FCE73C2B4DEB60006CE420 /* CreateUserNameView.swift */ = {isa = PBXFileReference; lastKnownFileType = sourcecode.swift; path = CreateUserNameView.swift; sourceTree = "<group>"; };
		95FCE73E2B4F1D1E006CE420 /* CreatePasswordView.swift */ = {isa = PBXFileReference; lastKnownFileType = sourcecode.swift; path = CreatePasswordView.swift; sourceTree = "<group>"; };
		95FCE7402B4F1EC3006CE420 /* CompleteSingUpView.swift */ = {isa = PBXFileReference; lastKnownFileType = sourcecode.swift; path = CompleteSingUpView.swift; sourceTree = "<group>"; };
		95FCE7422B4F24BA006CE420 /* User.swift */ = {isa = PBXFileReference; lastKnownFileType = sourcecode.swift; path = User.swift; sourceTree = "<group>"; };
		95FCE7442B4F37C3006CE420 /* CurrentUserProfileView.swift */ = {isa = PBXFileReference; lastKnownFileType = sourcecode.swift; path = CurrentUserProfileView.swift; sourceTree = "<group>"; };
		95FCE7462B4F3E06006CE420 /* Post.swift */ = {isa = PBXFileReference; lastKnownFileType = sourcecode.swift; path = Post.swift; sourceTree = "<group>"; };
		95FCE7482B503566006CE420 /* PostGridView.swift */ = {isa = PBXFileReference; lastKnownFileType = sourcecode.swift; path = PostGridView.swift; sourceTree = "<group>"; };
		95FCE74A2B503752006CE420 /* ProfileHeaderView.swift */ = {isa = PBXFileReference; lastKnownFileType = sourcecode.swift; path = ProfileHeaderView.swift; sourceTree = "<group>"; };
/* End PBXFileReference section */

/* Begin PBXFrameworksBuildPhase section */
		95FCE7092B335B44006CE420 /* Frameworks */ = {
			isa = PBXFrameworksBuildPhase;
			buildActionMask = 2147483647;
			files = (
				9552B7A72B559F6B00C982A4 /* FirebaseMessaging in Frameworks */,
				9552B7972B559F6B00C982A4 /* FirebaseFirestoreCombine-Community in Frameworks */,
				9552B78F2B559F6B00C982A4 /* FirebaseDatabase in Frameworks */,
				9552B7732B55951500C982A4 /* FirebaseAnalyticsSwift in Frameworks */,
				9552B7AF2B559F6B00C982A4 /* FirebaseStorage in Frameworks */,
				9552B76F2B55951500C982A4 /* FirebaseAnalytics in Frameworks */,
				9552B77D2B559F6B00C982A4 /* FirebaseAnalytics in Frameworks */,
				9552B78D2B559F6B00C982A4 /* FirebaseCrashlytics in Frameworks */,
				9552B7952B559F6B00C982A4 /* FirebaseFirestore in Frameworks */,
				9552B7932B559F6B00C982A4 /* FirebaseDynamicLinks in Frameworks */,
				9552B7B12B559F6B00C982A4 /* FirebaseStorageCombine-Community in Frameworks */,
				9552B77F2B559F6B00C982A4 /* FirebaseAnalyticsOnDeviceConversion in Frameworks */,
				9552B79D2B559F6B00C982A4 /* FirebaseFunctionsCombine-Community in Frameworks */,
				9552B7A12B559F6B00C982A4 /* FirebaseInAppMessagingSwift-Beta in Frameworks */,
				9552B7A52B559F6B00C982A4 /* FirebaseMLModelDownloader in Frameworks */,
				9552B79F2B559F6B00C982A4 /* FirebaseInAppMessaging-Beta in Frameworks */,
				9552B7A92B559F6B00C982A4 /* FirebasePerformance in Frameworks */,
				9552B78B2B559F6B00C982A4 /* FirebaseAuthCombine-Community in Frameworks */,
				9552B7812B559F6B00C982A4 /* FirebaseAnalyticsSwift in Frameworks */,
				9552B7912B559F6B00C982A4 /* FirebaseDatabaseSwift in Frameworks */,
				9552B7712B55951500C982A4 /* FirebaseAnalyticsOnDeviceConversion in Frameworks */,
				9552B7AB2B559F6B00C982A4 /* FirebaseRemoteConfig in Frameworks */,
				9552B7772B55951500C982A4 /* FirebaseAppCheck in Frameworks */,
				9552B7892B559F6B00C982A4 /* FirebaseAuth in Frameworks */,
				9552B79B2B559F6B00C982A4 /* FirebaseFunctions in Frameworks */,
				9552B7A32B559F6B00C982A4 /* FirebaseInstallations in Frameworks */,
				9552B7992B559F6B00C982A4 /* FirebaseFirestoreSwift in Frameworks */,
				9552B7832B559F6B00C982A4 /* FirebaseAnalyticsWithoutAdIdSupport in Frameworks */,
				9552B7852B559F6B00C982A4 /* FirebaseAppCheck in Frameworks */,
				9552B7AD2B559F6B00C982A4 /* FirebaseRemoteConfigSwift in Frameworks */,
				951817F42B7445D20035F0A0 /* Kingfisher in Frameworks */,
				9552B7872B559F6B00C982A4 /* FirebaseAppDistribution-Beta in Frameworks */,
				9552B7752B55951500C982A4 /* FirebaseAnalyticsWithoutAdIdSupport in Frameworks */,
			);
			runOnlyForDeploymentPostprocessing = 0;
		};
/* End PBXFrameworksBuildPhase section */

/* Begin PBXGroup section */
		951817EC2B605FCC0035F0A0 /* ViewModel */ = {
			isa = PBXGroup;
			children = (
				951817EE2B60600B0035F0A0 /* EditProfileViewModel.swift */,
				9518181B2B7C17380035F0A0 /* ProfileViewModel.swift */,
			);
			path = ViewModel;
			sourceTree = "<group>";
		};
		951817ED2B605FDC0035F0A0 /* View */ = {
			isa = PBXGroup;
			children = (
				95FCE72B2B34E30B006CE420 /* ProfileView.swift */,
				95FCE7442B4F37C3006CE420 /* CurrentUserProfileView.swift */,
				95FCE74A2B503752006CE420 /* ProfileHeaderView.swift */,
				951817EA2B60561C0035F0A0 /* EditProfileView.swift */,
			);
			path = View;
			sourceTree = "<group>";
		};
		951817F72B74571E0035F0A0 /* View */ = {
			isa = PBXGroup;
			children = (
				9552B7672B519EE400C982A4 /* UploadPostView.swift */,
			);
			path = View;
			sourceTree = "<group>";
		};
		951817F82B74572E0035F0A0 /* ViewModel */ = {
			isa = PBXGroup;
			children = (
				9552B7692B51A45A00C982A4 /* UploadPostViewModel.swift */,
			);
			path = ViewModel;
			sourceTree = "<group>";
		};
		951817F92B74FFCD0035F0A0 /* Feed View */ = {
			isa = PBXGroup;
			children = (
				95FCE7302B49F8BF006CE420 /* FeedView.swift */,
				95FCE7322B49F8D1006CE420 /* FeedCell.swift */,
			);
			path = "Feed View";
			sourceTree = "<group>";
		};
		951817FA2B74FFDE0035F0A0 /* Feed ViewModel */ = {
			isa = PBXGroup;
			children = (
				951817FB2B7500200035F0A0 /* Feed ViewModel.swift */,
				951818032B780B240035F0A0 /* FeedCellViewModel.swift */,
			);
			path = "Feed ViewModel";
			sourceTree = "<group>";
		};
		951817FF2B76B80E0035F0A0 /* View */ = {
			isa = PBXGroup;
			children = (
				95FCE72E2B49D972006CE420 /* UserStartView.swift */,
				95FCE7482B503566006CE420 /* PostGridView.swift */,
				95FCE73A2B4DE96C006CE420 /* IGTextFieldModifier.swift */,
				951817F52B7448520035F0A0 /* CircularProfileImageView.swift */,
			);
			path = View;
			sourceTree = "<group>";
		};
		951818002B76B81B0035F0A0 /* ViewModel */ = {
			isa = PBXGroup;
			children = (
				951818012B76B8790035F0A0 /* PostGridViewModel.swift */,
			);
			path = ViewModel;
			sourceTree = "<group>";
		};
		951818052B798C3E0035F0A0 /* Comments */ = {
			isa = PBXGroup;
			children = (
				951818092B798C780035F0A0 /* Model */,
				951818082B798C730035F0A0 /* View */,
				951818072B798C6B0035F0A0 /* ViewModel */,
				951818062B798C660035F0A0 /* Service */,
			);
			path = Comments;
			sourceTree = "<group>";
		};
		951818062B798C660035F0A0 /* Service */ = {
			isa = PBXGroup;
			children = (
				951818102B7A68040035F0A0 /* CommentService.swift */,
			);
			path = Service;
			sourceTree = "<group>";
		};
		951818072B798C6B0035F0A0 /* ViewModel */ = {
			isa = PBXGroup;
			children = (
				951818122B7A682A0035F0A0 /* CommentsViewModel.swift */,
			);
			path = ViewModel;
			sourceTree = "<group>";
		};
		951818082B798C730035F0A0 /* View */ = {
			isa = PBXGroup;
			children = (
				9518180A2B798CE30035F0A0 /* ComentsView.swift */,
				9518180C2B798D080035F0A0 /* ComentsCell.swift */,
			);
			path = View;
			sourceTree = "<group>";
		};
		951818092B798C780035F0A0 /* Model */ = {
			isa = PBXGroup;
			children = (
				9518180E2B7A661A0035F0A0 /* Comment.swift */,
			);
			path = Model;
			sourceTree = "<group>";
		};
		951818182B7C107A0035F0A0 /* Utils */ = {
			isa = PBXGroup;
			children = (
				951818192B7C108D0035F0A0 /* Constants.swift */,
			);
			path = Utils;
			sourceTree = "<group>";
		};
		9552B7782B559D4F00C982A4 /* View */ = {
			isa = PBXGroup;
			children = (
				95FCE7362B4B9DCD006CE420 /* LoginView.swift */,
				95FCE7382B4DDF4E006CE420 /* AddEmailView.swift */,
				95FCE73C2B4DEB60006CE420 /* CreateUserNameView.swift */,
				95FCE73E2B4F1D1E006CE420 /* CreatePasswordView.swift */,
				95FCE7402B4F1EC3006CE420 /* CompleteSingUpView.swift */,
			);
			path = View;
			sourceTree = "<group>";
		};
		9552B7792B559D7300C982A4 /* Service */ = {
			isa = PBXGroup;
			children = (
				9552B77A2B559D9200C982A4 /* AuthService.swift */,
			);
			path = Service;
			sourceTree = "<group>";
		};
		9552B7B22B55A83D00C982A4 /* View */ = {
			isa = PBXGroup;
			children = (
				95FCE7112B335B44006CE420 /* ContentView.swift */,
			);
			path = View;
			sourceTree = "<group>";
		};
		9552B7B32B55A84500C982A4 /* ViewModel */ = {
			isa = PBXGroup;
			children = (
				9552B7B42B55A86800C982A4 /* ContentViewModel.swift */,
			);
			path = ViewModel;
			sourceTree = "<group>";
		};
		9552B7B62B56C88600C982A4 /* ViewModel */ = {
			isa = PBXGroup;
			children = (
				9552B7B72B56C8A600C982A4 /* RegistrationViewModel.swift */,
				9552B7B92B5888FD00C982A4 /* LoginViewModel.swift */,
			);
			path = ViewModel;
			sourceTree = "<group>";
		};
		9552B7BD2B5C2BF700C982A4 /* View */ = {
			isa = PBXGroup;
			children = (
				95FCE7342B4B7027006CE420 /* SearchView.swift */,
			);
			path = View;
			sourceTree = "<group>";
		};
		9552B7BE2B5C2BFF00C982A4 /* ViewModel */ = {
			isa = PBXGroup;
			children = (
				9552B7BF2B5C2C2900C982A4 /* SearchViewModel.swift */,
			);
			path = ViewModel;
			sourceTree = "<group>";
		};
		95FCE7032B335B44006CE420 = {
			isa = PBXGroup;
			children = (
				95FCE70E2B335B44006CE420 /* Instagram clone */,
				95FCE70D2B335B44006CE420 /* Products */,
			);
			sourceTree = "<group>";
		};
		95FCE70D2B335B44006CE420 /* Products */ = {
			isa = PBXGroup;
			children = (
				95FCE70C2B335B44006CE420 /* Instagram clone.app */,
			);
			name = Products;
			sourceTree = "<group>";
		};
		95FCE70E2B335B44006CE420 /* Instagram clone */ = {
			isa = PBXGroup;
			children = (
				95FCE7212B335B70006CE420 /* App */,
				95FCE7202B335B6C006CE420 /* Core */,
				95FCE71F2B335B69006CE420 /* Extensions */,
				95FCE71E2B335B64006CE420 /* Model */,
				95FCE71D2B335B59006CE420 /* Services */,
				951818182B7C107A0035F0A0 /* Utils */,
				9552B76B2B55946700C982A4 /* GoogleService-Info.plist */,
				95FCE7132B335B46006CE420 /* Assets.xcassets */,
				95FCE7152B335B46006CE420 /* Preview Content */,
			);
			path = "Instagram clone";
			sourceTree = "<group>";
		};
		95FCE7152B335B46006CE420 /* Preview Content */ = {
			isa = PBXGroup;
			children = (
				95FCE7162B335B46006CE420 /* Preview Assets.xcassets */,
			);
			path = "Preview Content";
			sourceTree = "<group>";
		};
		95FCE71D2B335B59006CE420 /* Services */ = {
			isa = PBXGroup;
			children = (
				9552B7BB2B5C2A6D00C982A4 /* UserService.swift */,
				951817F02B687B7D0035F0A0 /* ImageUploader.swift */,
				951817FD2B755C4D0035F0A0 /* PostService.swift */,
			);
			path = Services;
			sourceTree = "<group>";
		};
		95FCE71E2B335B64006CE420 /* Model */ = {
			isa = PBXGroup;
			children = (
				95FCE7422B4F24BA006CE420 /* User.swift */,
				95FCE7462B4F3E06006CE420 /* Post.swift */,
			);
			path = Model;
			sourceTree = "<group>";
		};
		95FCE71F2B335B69006CE420 /* Extensions */ = {
			isa = PBXGroup;
			children = (
				951818142B7A8C6C0035F0A0 /* DeveloperPreview.swift */,
				951818162B7C0D440035F0A0 /* Timestamp.swift */,
			);
			path = Extensions;
			sourceTree = "<group>";
		};
		95FCE7202B335B6C006CE420 /* Core */ = {
			isa = PBXGroup;
			children = (
				951818052B798C3E0035F0A0 /* Comments */,
				95FCE7222B335BB0006CE420 /* Authentication */,
				95FCE72D2B49D953006CE420 /* Components */,
				95FCE7232B335BBD006CE420 /* Feed */,
				95FCE7242B335BC6006CE420 /* Profile */,
				95FCE7252B335BD8006CE420 /* Root */,
				95FCE7262B335BDF006CE420 /* Search */,
				95FCE7282B335C2D006CE420 /* TabBar */,
				95FCE7272B335C28006CE420 /* UploadPost */,
			);
			path = Core;
			sourceTree = "<group>";
		};
		95FCE7212B335B70006CE420 /* App */ = {
			isa = PBXGroup;
			children = (
				95FCE70F2B335B44006CE420 /* Instagram_cloneApp.swift */,
			);
			path = App;
			sourceTree = "<group>";
		};
		95FCE7222B335BB0006CE420 /* Authentication */ = {
			isa = PBXGroup;
			children = (
				9552B7782B559D4F00C982A4 /* View */,
				9552B7B62B56C88600C982A4 /* ViewModel */,
				9552B7792B559D7300C982A4 /* Service */,
			);
			path = Authentication;
			sourceTree = "<group>";
		};
		95FCE7232B335BBD006CE420 /* Feed */ = {
			isa = PBXGroup;
			children = (
				951817FA2B74FFDE0035F0A0 /* Feed ViewModel */,
				951817F92B74FFCD0035F0A0 /* Feed View */,
			);
			path = Feed;
			sourceTree = "<group>";
		};
		95FCE7242B335BC6006CE420 /* Profile */ = {
			isa = PBXGroup;
			children = (
				951817ED2B605FDC0035F0A0 /* View */,
				951817EC2B605FCC0035F0A0 /* ViewModel */,
			);
			path = Profile;
			sourceTree = "<group>";
		};
		95FCE7252B335BD8006CE420 /* Root */ = {
			isa = PBXGroup;
			children = (
				9552B7B32B55A84500C982A4 /* ViewModel */,
				9552B7B22B55A83D00C982A4 /* View */,
			);
			path = Root;
			sourceTree = "<group>";
		};
		95FCE7262B335BDF006CE420 /* Search */ = {
			isa = PBXGroup;
			children = (
				9552B7BE2B5C2BFF00C982A4 /* ViewModel */,
				9552B7BD2B5C2BF700C982A4 /* View */,
			);
			path = Search;
			sourceTree = "<group>";
		};
		95FCE7272B335C28006CE420 /* UploadPost */ = {
			isa = PBXGroup;
			children = (
				951817F82B74572E0035F0A0 /* ViewModel */,
				951817F72B74571E0035F0A0 /* View */,
			);
			path = UploadPost;
			sourceTree = "<group>";
		};
		95FCE7282B335C2D006CE420 /* TabBar */ = {
			isa = PBXGroup;
			children = (
				95FCE7292B34DEE9006CE420 /* MainTabView.swift */,
			);
			path = TabBar;
			sourceTree = "<group>";
		};
		95FCE72D2B49D953006CE420 /* Components */ = {
			isa = PBXGroup;
			children = (
				951818002B76B81B0035F0A0 /* ViewModel */,
				951817FF2B76B80E0035F0A0 /* View */,
			);
			path = Components;
			sourceTree = "<group>";
		};
/* End PBXGroup section */

/* Begin PBXNativeTarget section */
		95FCE70B2B335B44006CE420 /* Instagram clone */ = {
			isa = PBXNativeTarget;
			buildConfigurationList = 95FCE71A2B335B46006CE420 /* Build configuration list for PBXNativeTarget "Instagram clone" */;
			buildPhases = (
				95FCE7082B335B44006CE420 /* Sources */,
				95FCE7092B335B44006CE420 /* Frameworks */,
				95FCE70A2B335B44006CE420 /* Resources */,
			);
			buildRules = (
			);
			dependencies = (
			);
			name = "Instagram clone";
			packageProductDependencies = (
				9552B76E2B55951500C982A4 /* FirebaseAnalytics */,
				9552B7702B55951500C982A4 /* FirebaseAnalyticsOnDeviceConversion */,
				9552B7722B55951500C982A4 /* FirebaseAnalyticsSwift */,
				9552B7742B55951500C982A4 /* FirebaseAnalyticsWithoutAdIdSupport */,
				9552B7762B55951500C982A4 /* FirebaseAppCheck */,
				9552B77C2B559F6B00C982A4 /* FirebaseAnalytics */,
				9552B77E2B559F6B00C982A4 /* FirebaseAnalyticsOnDeviceConversion */,
				9552B7802B559F6B00C982A4 /* FirebaseAnalyticsSwift */,
				9552B7822B559F6B00C982A4 /* FirebaseAnalyticsWithoutAdIdSupport */,
				9552B7842B559F6B00C982A4 /* FirebaseAppCheck */,
				9552B7862B559F6B00C982A4 /* FirebaseAppDistribution-Beta */,
				9552B7882B559F6B00C982A4 /* FirebaseAuth */,
				9552B78A2B559F6B00C982A4 /* FirebaseAuthCombine-Community */,
				9552B78C2B559F6B00C982A4 /* FirebaseCrashlytics */,
				9552B78E2B559F6B00C982A4 /* FirebaseDatabase */,
				9552B7902B559F6B00C982A4 /* FirebaseDatabaseSwift */,
				9552B7922B559F6B00C982A4 /* FirebaseDynamicLinks */,
				9552B7942B559F6B00C982A4 /* FirebaseFirestore */,
				9552B7962B559F6B00C982A4 /* FirebaseFirestoreCombine-Community */,
				9552B7982B559F6B00C982A4 /* FirebaseFirestoreSwift */,
				9552B79A2B559F6B00C982A4 /* FirebaseFunctions */,
				9552B79C2B559F6B00C982A4 /* FirebaseFunctionsCombine-Community */,
				9552B79E2B559F6B00C982A4 /* FirebaseInAppMessaging-Beta */,
				9552B7A02B559F6B00C982A4 /* FirebaseInAppMessagingSwift-Beta */,
				9552B7A22B559F6B00C982A4 /* FirebaseInstallations */,
				9552B7A42B559F6B00C982A4 /* FirebaseMLModelDownloader */,
				9552B7A62B559F6B00C982A4 /* FirebaseMessaging */,
				9552B7A82B559F6B00C982A4 /* FirebasePerformance */,
				9552B7AA2B559F6B00C982A4 /* FirebaseRemoteConfig */,
				9552B7AC2B559F6B00C982A4 /* FirebaseRemoteConfigSwift */,
				9552B7AE2B559F6B00C982A4 /* FirebaseStorage */,
				9552B7B02B559F6B00C982A4 /* FirebaseStorageCombine-Community */,
				951817F32B7445D20035F0A0 /* Kingfisher */,
			);
			productName = "Instagram clone";
			productReference = 95FCE70C2B335B44006CE420 /* Instagram clone.app */;
			productType = "com.apple.product-type.application";
		};
/* End PBXNativeTarget section */

/* Begin PBXProject section */
		95FCE7042B335B44006CE420 /* Project object */ = {
			isa = PBXProject;
			attributes = {
				BuildIndependentTargetsInParallel = 1;
				LastSwiftUpdateCheck = 1510;
				LastUpgradeCheck = 1510;
				TargetAttributes = {
					95FCE70B2B335B44006CE420 = {
						CreatedOnToolsVersion = 15.1;
					};
				};
			};
			buildConfigurationList = 95FCE7072B335B44006CE420 /* Build configuration list for PBXProject "Instagram clone" */;
			compatibilityVersion = "Xcode 14.0";
			developmentRegion = en;
			hasScannedForEncodings = 0;
			knownRegions = (
				en,
				Base,
			);
			mainGroup = 95FCE7032B335B44006CE420;
			packageReferences = (
				9552B76D2B55951500C982A4 /* XCRemoteSwiftPackageReference "firebase-ios-sdk" */,
				951817F22B7445D10035F0A0 /* XCRemoteSwiftPackageReference "Kingfisher" */,
			);
			productRefGroup = 95FCE70D2B335B44006CE420 /* Products */;
			projectDirPath = "";
			projectRoot = "";
			targets = (
				95FCE70B2B335B44006CE420 /* Instagram clone */,
			);
		};
/* End PBXProject section */

/* Begin PBXResourcesBuildPhase section */
		95FCE70A2B335B44006CE420 /* Resources */ = {
			isa = PBXResourcesBuildPhase;
			buildActionMask = 2147483647;
			files = (
				95FCE7172B335B46006CE420 /* Preview Assets.xcassets in Resources */,
				95FCE7142B335B46006CE420 /* Assets.xcassets in Resources */,
				9552B76C2B55946700C982A4 /* GoogleService-Info.plist in Resources */,
			);
			runOnlyForDeploymentPostprocessing = 0;
		};
/* End PBXResourcesBuildPhase section */

/* Begin PBXSourcesBuildPhase section */
		95FCE7082B335B44006CE420 /* Sources */ = {
			isa = PBXSourcesBuildPhase;
			buildActionMask = 2147483647;
			files = (
				951818172B7C0D440035F0A0 /* Timestamp.swift in Sources */,
				95FCE7332B49F8D1006CE420 /* FeedCell.swift in Sources */,
				9552B7682B519EE500C982A4 /* UploadPostView.swift in Sources */,
				95FCE72C2B34E30B006CE420 /* ProfileView.swift in Sources */,
				95FCE73D2B4DEB60006CE420 /* CreateUserNameView.swift in Sources */,
				95FCE7312B49F8BF006CE420 /* FeedView.swift in Sources */,
				951817EF2B60600B0035F0A0 /* EditProfileViewModel.swift in Sources */,
				9552B77B2B559D9200C982A4 /* AuthService.swift in Sources */,
				9518181A2B7C108D0035F0A0 /* Constants.swift in Sources */,
				9552B7BC2B5C2A6D00C982A4 /* UserService.swift in Sources */,
				95FCE7472B4F3E06006CE420 /* Post.swift in Sources */,
				95FCE7372B4B9DCD006CE420 /* LoginView.swift in Sources */,
				95FCE7452B4F37C3006CE420 /* CurrentUserProfileView.swift in Sources */,
				95FCE7412B4F1EC3006CE420 /* CompleteSingUpView.swift in Sources */,
				95FCE7492B503566006CE420 /* PostGridView.swift in Sources */,
				95FCE72F2B49D972006CE420 /* UserStartView.swift in Sources */,
				9552B7B52B55A86800C982A4 /* ContentViewModel.swift in Sources */,
				951818152B7A8C6C0035F0A0 /* DeveloperPreview.swift in Sources */,
				9518181C2B7C17380035F0A0 /* ProfileViewModel.swift in Sources */,
				951817FC2B7500200035F0A0 /* Feed ViewModel.swift in Sources */,
				951818042B780B240035F0A0 /* FeedCellViewModel.swift in Sources */,
				951817FE2B755C4D0035F0A0 /* PostService.swift in Sources */,
				951817EB2B60561C0035F0A0 /* EditProfileView.swift in Sources */,
				951818112B7A68040035F0A0 /* CommentService.swift in Sources */,
				951818132B7A682A0035F0A0 /* CommentsViewModel.swift in Sources */,
				951818022B76B8790035F0A0 /* PostGridViewModel.swift in Sources */,
				9552B7BA2B5888FD00C982A4 /* LoginViewModel.swift in Sources */,
				951817F12B687B7D0035F0A0 /* ImageUploader.swift in Sources */,
				9552B7B82B56C8A600C982A4 /* RegistrationViewModel.swift in Sources */,
				9552B76A2B51A45A00C982A4 /* UploadPostViewModel.swift in Sources */,
				95FCE74B2B503752006CE420 /* ProfileHeaderView.swift in Sources */,
				95FCE7392B4DDF4E006CE420 /* AddEmailView.swift in Sources */,
				95FCE7432B4F24BA006CE420 /* User.swift in Sources */,
				9518180D2B798D080035F0A0 /* ComentsCell.swift in Sources */,
				95FCE7352B4B7027006CE420 /* SearchView.swift in Sources */,
				9518180B2B798CE30035F0A0 /* ComentsView.swift in Sources */,
				95FCE73B2B4DE96C006CE420 /* IGTextFieldModifier.swift in Sources */,
				95FCE7122B335B44006CE420 /* ContentView.swift in Sources */,
				95FCE7102B335B44006CE420 /* Instagram_cloneApp.swift in Sources */,
				951817F62B7448520035F0A0 /* CircularProfileImageView.swift in Sources */,
				9552B7C02B5C2C2900C982A4 /* SearchViewModel.swift in Sources */,
				9518180F2B7A661A0035F0A0 /* Comment.swift in Sources */,
				95FCE72A2B34DEE9006CE420 /* MainTabView.swift in Sources */,
				95FCE73F2B4F1D1E006CE420 /* CreatePasswordView.swift in Sources */,
			);
			runOnlyForDeploymentPostprocessing = 0;
		};
/* End PBXSourcesBuildPhase section */

/* Begin XCBuildConfiguration section */
		95FCE7182B335B46006CE420 /* Debug */ = {
			isa = XCBuildConfiguration;
			buildSettings = {
				ALWAYS_SEARCH_USER_PATHS = NO;
				ASSETCATALOG_COMPILER_GENERATE_SWIFT_ASSET_SYMBOL_EXTENSIONS = YES;
				CLANG_ANALYZER_NONNULL = YES;
				CLANG_ANALYZER_NUMBER_OBJECT_CONVERSION = YES_AGGRESSIVE;
				CLANG_CXX_LANGUAGE_STANDARD = "gnu++20";
				CLANG_ENABLE_MODULES = YES;
				CLANG_ENABLE_OBJC_ARC = YES;
				CLANG_ENABLE_OBJC_WEAK = YES;
				CLANG_WARN_BLOCK_CAPTURE_AUTORELEASING = YES;
				CLANG_WARN_BOOL_CONVERSION = YES;
				CLANG_WARN_COMMA = YES;
				CLANG_WARN_CONSTANT_CONVERSION = YES;
				CLANG_WARN_DEPRECATED_OBJC_IMPLEMENTATIONS = YES;
				CLANG_WARN_DIRECT_OBJC_ISA_USAGE = YES_ERROR;
				CLANG_WARN_DOCUMENTATION_COMMENTS = YES;
				CLANG_WARN_EMPTY_BODY = YES;
				CLANG_WARN_ENUM_CONVERSION = YES;
				CLANG_WARN_INFINITE_RECURSION = YES;
				CLANG_WARN_INT_CONVERSION = YES;
				CLANG_WARN_NON_LITERAL_NULL_CONVERSION = YES;
				CLANG_WARN_OBJC_IMPLICIT_RETAIN_SELF = YES;
				CLANG_WARN_OBJC_LITERAL_CONVERSION = YES;
				CLANG_WARN_OBJC_ROOT_CLASS = YES_ERROR;
				CLANG_WARN_QUOTED_INCLUDE_IN_FRAMEWORK_HEADER = YES;
				CLANG_WARN_RANGE_LOOP_ANALYSIS = YES;
				CLANG_WARN_STRICT_PROTOTYPES = YES;
				CLANG_WARN_SUSPICIOUS_MOVE = YES;
				CLANG_WARN_UNGUARDED_AVAILABILITY = YES_AGGRESSIVE;
				CLANG_WARN_UNREACHABLE_CODE = YES;
				CLANG_WARN__DUPLICATE_METHOD_MATCH = YES;
				COPY_PHASE_STRIP = NO;
				DEBUG_INFORMATION_FORMAT = dwarf;
				ENABLE_STRICT_OBJC_MSGSEND = YES;
				ENABLE_TESTABILITY = YES;
				ENABLE_USER_SCRIPT_SANDBOXING = YES;
				GCC_C_LANGUAGE_STANDARD = gnu17;
				GCC_DYNAMIC_NO_PIC = NO;
				GCC_NO_COMMON_BLOCKS = YES;
				GCC_OPTIMIZATION_LEVEL = 0;
				GCC_PREPROCESSOR_DEFINITIONS = (
					"DEBUG=1",
					"$(inherited)",
				);
				GCC_WARN_64_TO_32_BIT_CONVERSION = YES;
				GCC_WARN_ABOUT_RETURN_TYPE = YES_ERROR;
				GCC_WARN_UNDECLARED_SELECTOR = YES;
				GCC_WARN_UNINITIALIZED_AUTOS = YES_AGGRESSIVE;
				GCC_WARN_UNUSED_FUNCTION = YES;
				GCC_WARN_UNUSED_VARIABLE = YES;
				IPHONEOS_DEPLOYMENT_TARGET = 17.2;
				LOCALIZATION_PREFERS_STRING_CATALOGS = YES;
				MTL_ENABLE_DEBUG_INFO = INCLUDE_SOURCE;
				MTL_FAST_MATH = YES;
				ONLY_ACTIVE_ARCH = YES;
				SDKROOT = iphoneos;
				SWIFT_ACTIVE_COMPILATION_CONDITIONS = "DEBUG $(inherited)";
				SWIFT_OPTIMIZATION_LEVEL = "-Onone";
			};
			name = Debug;
		};
		95FCE7192B335B46006CE420 /* Release */ = {
			isa = XCBuildConfiguration;
			buildSettings = {
				ALWAYS_SEARCH_USER_PATHS = NO;
				ASSETCATALOG_COMPILER_GENERATE_SWIFT_ASSET_SYMBOL_EXTENSIONS = YES;
				CLANG_ANALYZER_NONNULL = YES;
				CLANG_ANALYZER_NUMBER_OBJECT_CONVERSION = YES_AGGRESSIVE;
				CLANG_CXX_LANGUAGE_STANDARD = "gnu++20";
				CLANG_ENABLE_MODULES = YES;
				CLANG_ENABLE_OBJC_ARC = YES;
				CLANG_ENABLE_OBJC_WEAK = YES;
				CLANG_WARN_BLOCK_CAPTURE_AUTORELEASING = YES;
				CLANG_WARN_BOOL_CONVERSION = YES;
				CLANG_WARN_COMMA = YES;
				CLANG_WARN_CONSTANT_CONVERSION = YES;
				CLANG_WARN_DEPRECATED_OBJC_IMPLEMENTATIONS = YES;
				CLANG_WARN_DIRECT_OBJC_ISA_USAGE = YES_ERROR;
				CLANG_WARN_DOCUMENTATION_COMMENTS = YES;
				CLANG_WARN_EMPTY_BODY = YES;
				CLANG_WARN_ENUM_CONVERSION = YES;
				CLANG_WARN_INFINITE_RECURSION = YES;
				CLANG_WARN_INT_CONVERSION = YES;
				CLANG_WARN_NON_LITERAL_NULL_CONVERSION = YES;
				CLANG_WARN_OBJC_IMPLICIT_RETAIN_SELF = YES;
				CLANG_WARN_OBJC_LITERAL_CONVERSION = YES;
				CLANG_WARN_OBJC_ROOT_CLASS = YES_ERROR;
				CLANG_WARN_QUOTED_INCLUDE_IN_FRAMEWORK_HEADER = YES;
				CLANG_WARN_RANGE_LOOP_ANALYSIS = YES;
				CLANG_WARN_STRICT_PROTOTYPES = YES;
				CLANG_WARN_SUSPICIOUS_MOVE = YES;
				CLANG_WARN_UNGUARDED_AVAILABILITY = YES_AGGRESSIVE;
				CLANG_WARN_UNREACHABLE_CODE = YES;
				CLANG_WARN__DUPLICATE_METHOD_MATCH = YES;
				COPY_PHASE_STRIP = NO;
				DEBUG_INFORMATION_FORMAT = "dwarf-with-dsym";
				ENABLE_NS_ASSERTIONS = NO;
				ENABLE_STRICT_OBJC_MSGSEND = YES;
				ENABLE_USER_SCRIPT_SANDBOXING = YES;
				GCC_C_LANGUAGE_STANDARD = gnu17;
				GCC_NO_COMMON_BLOCKS = YES;
				GCC_WARN_64_TO_32_BIT_CONVERSION = YES;
				GCC_WARN_ABOUT_RETURN_TYPE = YES_ERROR;
				GCC_WARN_UNDECLARED_SELECTOR = YES;
				GCC_WARN_UNINITIALIZED_AUTOS = YES_AGGRESSIVE;
				GCC_WARN_UNUSED_FUNCTION = YES;
				GCC_WARN_UNUSED_VARIABLE = YES;
				IPHONEOS_DEPLOYMENT_TARGET = 17.2;
				LOCALIZATION_PREFERS_STRING_CATALOGS = YES;
				MTL_ENABLE_DEBUG_INFO = NO;
				MTL_FAST_MATH = YES;
				SDKROOT = iphoneos;
				SWIFT_COMPILATION_MODE = wholemodule;
				VALIDATE_PRODUCT = YES;
			};
			name = Release;
		};
		95FCE71B2B335B46006CE420 /* Debug */ = {
			isa = XCBuildConfiguration;
			buildSettings = {
				ASSETCATALOG_COMPILER_APPICON_NAME = AppIcon;
				ASSETCATALOG_COMPILER_GLOBAL_ACCENT_COLOR_NAME = AccentColor;
				CODE_SIGN_STYLE = Automatic;
				CURRENT_PROJECT_VERSION = 1;
				DEVELOPMENT_ASSET_PATHS = "\"Instagram clone/Preview Content\"";
				DEVELOPMENT_TEAM = 5F93SMYAKP;
				ENABLE_PREVIEWS = YES;
				GENERATE_INFOPLIST_FILE = YES;
				INFOPLIST_KEY_UIApplicationSceneManifest_Generation = YES;
				INFOPLIST_KEY_UIApplicationSupportsIndirectInputEvents = YES;
				INFOPLIST_KEY_UILaunchScreen_Generation = YES;
				INFOPLIST_KEY_UISupportedInterfaceOrientations_iPad = "UIInterfaceOrientationPortrait UIInterfaceOrientationPortraitUpsideDown UIInterfaceOrientationLandscapeLeft UIInterfaceOrientationLandscapeRight";
				INFOPLIST_KEY_UISupportedInterfaceOrientations_iPhone = "UIInterfaceOrientationPortrait UIInterfaceOrientationLandscapeLeft UIInterfaceOrientationLandscapeRight";
				LD_RUNPATH_SEARCH_PATHS = (
					"$(inherited)",
					"@executable_path/Frameworks",
				);
				MARKETING_VERSION = 1.0;
				PRODUCT_BUNDLE_IDENTIFIER = "com.yolimaPereira.Instagram-clone";
				PRODUCT_NAME = "$(TARGET_NAME)";
				SWIFT_EMIT_LOC_STRINGS = YES;
				SWIFT_VERSION = 5.0;
				TARGETED_DEVICE_FAMILY = "1,2";
			};
			name = Debug;
		};
		95FCE71C2B335B46006CE420 /* Release */ = {
			isa = XCBuildConfiguration;
			buildSettings = {
				ASSETCATALOG_COMPILER_APPICON_NAME = AppIcon;
				ASSETCATALOG_COMPILER_GLOBAL_ACCENT_COLOR_NAME = AccentColor;
				CODE_SIGN_STYLE = Automatic;
				CURRENT_PROJECT_VERSION = 1;
				DEVELOPMENT_ASSET_PATHS = "\"Instagram clone/Preview Content\"";
				DEVELOPMENT_TEAM = 5F93SMYAKP;
				ENABLE_PREVIEWS = YES;
				GENERATE_INFOPLIST_FILE = YES;
				INFOPLIST_KEY_UIApplicationSceneManifest_Generation = YES;
				INFOPLIST_KEY_UIApplicationSupportsIndirectInputEvents = YES;
				INFOPLIST_KEY_UILaunchScreen_Generation = YES;
				INFOPLIST_KEY_UISupportedInterfaceOrientations_iPad = "UIInterfaceOrientationPortrait UIInterfaceOrientationPortraitUpsideDown UIInterfaceOrientationLandscapeLeft UIInterfaceOrientationLandscapeRight";
				INFOPLIST_KEY_UISupportedInterfaceOrientations_iPhone = "UIInterfaceOrientationPortrait UIInterfaceOrientationLandscapeLeft UIInterfaceOrientationLandscapeRight";
				LD_RUNPATH_SEARCH_PATHS = (
					"$(inherited)",
					"@executable_path/Frameworks",
				);
				MARKETING_VERSION = 1.0;
				PRODUCT_BUNDLE_IDENTIFIER = "com.yolimaPereira.Instagram-clone";
				PRODUCT_NAME = "$(TARGET_NAME)";
				SWIFT_EMIT_LOC_STRINGS = YES;
				SWIFT_VERSION = 5.0;
				TARGETED_DEVICE_FAMILY = "1,2";
			};
			name = Release;
		};
/* End XCBuildConfiguration section */

/* Begin XCConfigurationList section */
		95FCE7072B335B44006CE420 /* Build configuration list for PBXProject "Instagram clone" */ = {
			isa = XCConfigurationList;
			buildConfigurations = (
				95FCE7182B335B46006CE420 /* Debug */,
				95FCE7192B335B46006CE420 /* Release */,
			);
			defaultConfigurationIsVisible = 0;
			defaultConfigurationName = Release;
		};
		95FCE71A2B335B46006CE420 /* Build configuration list for PBXNativeTarget "Instagram clone" */ = {
			isa = XCConfigurationList;
			buildConfigurations = (
				95FCE71B2B335B46006CE420 /* Debug */,
				95FCE71C2B335B46006CE420 /* Release */,
			);
			defaultConfigurationIsVisible = 0;
			defaultConfigurationName = Release;
		};
/* End XCConfigurationList section */

/* Begin XCRemoteSwiftPackageReference section */
		951817F22B7445D10035F0A0 /* XCRemoteSwiftPackageReference "Kingfisher" */ = {
			isa = XCRemoteSwiftPackageReference;
			repositoryURL = "https://github.com/onevcat/Kingfisher";
			requirement = {
				kind = upToNextMajorVersion;
				minimumVersion = 7.10.2;
			};
		};
		9552B76D2B55951500C982A4 /* XCRemoteSwiftPackageReference "firebase-ios-sdk" */ = {
			isa = XCRemoteSwiftPackageReference;
			repositoryURL = "https://github.com/firebase/firebase-ios-sdk";
			requirement = {
				kind = upToNextMajorVersion;
				minimumVersion = 10.19.1;
			};
		};
/* End XCRemoteSwiftPackageReference section */

/* Begin XCSwiftPackageProductDependency section */
		951817F32B7445D20035F0A0 /* Kingfisher */ = {
			isa = XCSwiftPackageProductDependency;
			package = 951817F22B7445D10035F0A0 /* XCRemoteSwiftPackageReference "Kingfisher" */;
			productName = Kingfisher;
		};
		9552B76E2B55951500C982A4 /* FirebaseAnalytics */ = {
			isa = XCSwiftPackageProductDependency;
			package = 9552B76D2B55951500C982A4 /* XCRemoteSwiftPackageReference "firebase-ios-sdk" */;
			productName = FirebaseAnalytics;
		};
		9552B7702B55951500C982A4 /* FirebaseAnalyticsOnDeviceConversion */ = {
			isa = XCSwiftPackageProductDependency;
			package = 9552B76D2B55951500C982A4 /* XCRemoteSwiftPackageReference "firebase-ios-sdk" */;
			productName = FirebaseAnalyticsOnDeviceConversion;
		};
		9552B7722B55951500C982A4 /* FirebaseAnalyticsSwift */ = {
			isa = XCSwiftPackageProductDependency;
			package = 9552B76D2B55951500C982A4 /* XCRemoteSwiftPackageReference "firebase-ios-sdk" */;
			productName = FirebaseAnalyticsSwift;
		};
		9552B7742B55951500C982A4 /* FirebaseAnalyticsWithoutAdIdSupport */ = {
			isa = XCSwiftPackageProductDependency;
			package = 9552B76D2B55951500C982A4 /* XCRemoteSwiftPackageReference "firebase-ios-sdk" */;
			productName = FirebaseAnalyticsWithoutAdIdSupport;
		};
		9552B7762B55951500C982A4 /* FirebaseAppCheck */ = {
			isa = XCSwiftPackageProductDependency;
			package = 9552B76D2B55951500C982A4 /* XCRemoteSwiftPackageReference "firebase-ios-sdk" */;
			productName = FirebaseAppCheck;
		};
		9552B77C2B559F6B00C982A4 /* FirebaseAnalytics */ = {
			isa = XCSwiftPackageProductDependency;
			package = 9552B76D2B55951500C982A4 /* XCRemoteSwiftPackageReference "firebase-ios-sdk" */;
			productName = FirebaseAnalytics;
		};
		9552B77E2B559F6B00C982A4 /* FirebaseAnalyticsOnDeviceConversion */ = {
			isa = XCSwiftPackageProductDependency;
			package = 9552B76D2B55951500C982A4 /* XCRemoteSwiftPackageReference "firebase-ios-sdk" */;
			productName = FirebaseAnalyticsOnDeviceConversion;
		};
		9552B7802B559F6B00C982A4 /* FirebaseAnalyticsSwift */ = {
			isa = XCSwiftPackageProductDependency;
			package = 9552B76D2B55951500C982A4 /* XCRemoteSwiftPackageReference "firebase-ios-sdk" */;
			productName = FirebaseAnalyticsSwift;
		};
		9552B7822B559F6B00C982A4 /* FirebaseAnalyticsWithoutAdIdSupport */ = {
			isa = XCSwiftPackageProductDependency;
			package = 9552B76D2B55951500C982A4 /* XCRemoteSwiftPackageReference "firebase-ios-sdk" */;
			productName = FirebaseAnalyticsWithoutAdIdSupport;
		};
		9552B7842B559F6B00C982A4 /* FirebaseAppCheck */ = {
			isa = XCSwiftPackageProductDependency;
			package = 9552B76D2B55951500C982A4 /* XCRemoteSwiftPackageReference "firebase-ios-sdk" */;
			productName = FirebaseAppCheck;
		};
		9552B7862B559F6B00C982A4 /* FirebaseAppDistribution-Beta */ = {
			isa = XCSwiftPackageProductDependency;
			package = 9552B76D2B55951500C982A4 /* XCRemoteSwiftPackageReference "firebase-ios-sdk" */;
			productName = "FirebaseAppDistribution-Beta";
		};
		9552B7882B559F6B00C982A4 /* FirebaseAuth */ = {
			isa = XCSwiftPackageProductDependency;
			package = 9552B76D2B55951500C982A4 /* XCRemoteSwiftPackageReference "firebase-ios-sdk" */;
			productName = FirebaseAuth;
		};
		9552B78A2B559F6B00C982A4 /* FirebaseAuthCombine-Community */ = {
			isa = XCSwiftPackageProductDependency;
			package = 9552B76D2B55951500C982A4 /* XCRemoteSwiftPackageReference "firebase-ios-sdk" */;
			productName = "FirebaseAuthCombine-Community";
		};
		9552B78C2B559F6B00C982A4 /* FirebaseCrashlytics */ = {
			isa = XCSwiftPackageProductDependency;
			package = 9552B76D2B55951500C982A4 /* XCRemoteSwiftPackageReference "firebase-ios-sdk" */;
			productName = FirebaseCrashlytics;
		};
		9552B78E2B559F6B00C982A4 /* FirebaseDatabase */ = {
			isa = XCSwiftPackageProductDependency;
			package = 9552B76D2B55951500C982A4 /* XCRemoteSwiftPackageReference "firebase-ios-sdk" */;
			productName = FirebaseDatabase;
		};
		9552B7902B559F6B00C982A4 /* FirebaseDatabaseSwift */ = {
			isa = XCSwiftPackageProductDependency;
			package = 9552B76D2B55951500C982A4 /* XCRemoteSwiftPackageReference "firebase-ios-sdk" */;
			productName = FirebaseDatabaseSwift;
		};
		9552B7922B559F6B00C982A4 /* FirebaseDynamicLinks */ = {
			isa = XCSwiftPackageProductDependency;
			package = 9552B76D2B55951500C982A4 /* XCRemoteSwiftPackageReference "firebase-ios-sdk" */;
			productName = FirebaseDynamicLinks;
		};
		9552B7942B559F6B00C982A4 /* FirebaseFirestore */ = {
			isa = XCSwiftPackageProductDependency;
			package = 9552B76D2B55951500C982A4 /* XCRemoteSwiftPackageReference "firebase-ios-sdk" */;
			productName = FirebaseFirestore;
		};
		9552B7962B559F6B00C982A4 /* FirebaseFirestoreCombine-Community */ = {
			isa = XCSwiftPackageProductDependency;
			package = 9552B76D2B55951500C982A4 /* XCRemoteSwiftPackageReference "firebase-ios-sdk" */;
			productName = "FirebaseFirestoreCombine-Community";
		};
		9552B7982B559F6B00C982A4 /* FirebaseFirestoreSwift */ = {
			isa = XCSwiftPackageProductDependency;
			package = 9552B76D2B55951500C982A4 /* XCRemoteSwiftPackageReference "firebase-ios-sdk" */;
			productName = FirebaseFirestoreSwift;
		};
		9552B79A2B559F6B00C982A4 /* FirebaseFunctions */ = {
			isa = XCSwiftPackageProductDependency;
			package = 9552B76D2B55951500C982A4 /* XCRemoteSwiftPackageReference "firebase-ios-sdk" */;
			productName = FirebaseFunctions;
		};
		9552B79C2B559F6B00C982A4 /* FirebaseFunctionsCombine-Community */ = {
			isa = XCSwiftPackageProductDependency;
			package = 9552B76D2B55951500C982A4 /* XCRemoteSwiftPackageReference "firebase-ios-sdk" */;
			productName = "FirebaseFunctionsCombine-Community";
		};
		9552B79E2B559F6B00C982A4 /* FirebaseInAppMessaging-Beta */ = {
			isa = XCSwiftPackageProductDependency;
			package = 9552B76D2B55951500C982A4 /* XCRemoteSwiftPackageReference "firebase-ios-sdk" */;
			productName = "FirebaseInAppMessaging-Beta";
		};
		9552B7A02B559F6B00C982A4 /* FirebaseInAppMessagingSwift-Beta */ = {
			isa = XCSwiftPackageProductDependency;
			package = 9552B76D2B55951500C982A4 /* XCRemoteSwiftPackageReference "firebase-ios-sdk" */;
			productName = "FirebaseInAppMessagingSwift-Beta";
		};
		9552B7A22B559F6B00C982A4 /* FirebaseInstallations */ = {
			isa = XCSwiftPackageProductDependency;
			package = 9552B76D2B55951500C982A4 /* XCRemoteSwiftPackageReference "firebase-ios-sdk" */;
			productName = FirebaseInstallations;
		};
		9552B7A42B559F6B00C982A4 /* FirebaseMLModelDownloader */ = {
			isa = XCSwiftPackageProductDependency;
			package = 9552B76D2B55951500C982A4 /* XCRemoteSwiftPackageReference "firebase-ios-sdk" */;
			productName = FirebaseMLModelDownloader;
		};
		9552B7A62B559F6B00C982A4 /* FirebaseMessaging */ = {
			isa = XCSwiftPackageProductDependency;
			package = 9552B76D2B55951500C982A4 /* XCRemoteSwiftPackageReference "firebase-ios-sdk" */;
			productName = FirebaseMessaging;
		};
		9552B7A82B559F6B00C982A4 /* FirebasePerformance */ = {
			isa = XCSwiftPackageProductDependency;
			package = 9552B76D2B55951500C982A4 /* XCRemoteSwiftPackageReference "firebase-ios-sdk" */;
			productName = FirebasePerformance;
		};
		9552B7AA2B559F6B00C982A4 /* FirebaseRemoteConfig */ = {
			isa = XCSwiftPackageProductDependency;
			package = 9552B76D2B55951500C982A4 /* XCRemoteSwiftPackageReference "firebase-ios-sdk" */;
			productName = FirebaseRemoteConfig;
		};
		9552B7AC2B559F6B00C982A4 /* FirebaseRemoteConfigSwift */ = {
			isa = XCSwiftPackageProductDependency;
			package = 9552B76D2B55951500C982A4 /* XCRemoteSwiftPackageReference "firebase-ios-sdk" */;
			productName = FirebaseRemoteConfigSwift;
		};
		9552B7AE2B559F6B00C982A4 /* FirebaseStorage */ = {
			isa = XCSwiftPackageProductDependency;
			package = 9552B76D2B55951500C982A4 /* XCRemoteSwiftPackageReference "firebase-ios-sdk" */;
			productName = FirebaseStorage;
		};
		9552B7B02B559F6B00C982A4 /* FirebaseStorageCombine-Community */ = {
			isa = XCSwiftPackageProductDependency;
			package = 9552B76D2B55951500C982A4 /* XCRemoteSwiftPackageReference "firebase-ios-sdk" */;
			productName = "FirebaseStorageCombine-Community";
		};
/* End XCSwiftPackageProductDependency section */
	};
	rootObject = 95FCE7042B335B44006CE420 /* Project object */;
}
